Microsoft Visual Studio Solution File, Format Version 12.00
# Visual Studio Version 17
VisualStudioVersion = 17.5.2.0
MinimumVisualStudioVersion = 10.0.40219.1
Project("{FAE04EC0-301F-11D3-BF4B-00C04F79EFBC}") = "Rainy-Daze", "Rainy-Daze.csproj", "{AFBCC948-FD71-84CC-A884-6B40B5AD778E}"
EndProject
Global
	GlobalSection(SolutionConfigurationPlatforms) = preSolution
		Debug|Any CPU = Debug|Any CPU
		Release|Any CPU = Release|Any CPU
	EndGlobalSection
	GlobalSection(ProjectConfigurationPlatforms) = postSolution
		{AFBCC948-FD71-84CC-A884-6B40B5AD778E}.Debug|Any CPU.ActiveCfg = Debug|Any CPU
		{AFBCC948-FD71-84CC-A884-6B40B5AD778E}.Debug|Any CPU.Build.0 = Debug|Any CPU
		{AFBCC948-FD71-84CC-A884-6B40B5AD778E}.Release|Any CPU.ActiveCfg = Release|Any CPU
		{AFBCC948-FD71-84CC-A884-6B40B5AD778E}.Release|Any CPU.Build.0 = Release|Any CPU
	EndGlobalSection
	GlobalSection(SolutionProperties) = preSolution
		HideSolutionNode = FALSE
	EndGlobalSection
	GlobalSection(ExtensibilityGlobals) = postSolution
		SolutionGuid = {094D212B-3171-43C7-B701-EA3276C708FE}
	EndGlobalSection
EndGlobal
